
Microsoft Visual Studio Solution File, Format Version 12.00
# Visual Studio Version 16
VisualStudioVersion = 16.0.33130.400
MinimumVisualStudioVersion = 10.0.40219.1
Project("{FAE04EC0-301F-11D3-BF4B-00C04F79EFBC}") = "ConsoleApp1", "ConsoleApp1.csproj", "{174AD7D3-0935-4B23-912E-42558AA52482}"
EndProject
Global
	GlobalSection(SolutionConfigurationPlatforms) = preSolution
		Debug|Any CPU = Debug|Any CPU
		Release|Any CPU = Release|Any CPU
	EndGlobalSection
	GlobalSection(ProjectConfigurationPlatforms) = postSolution
		{174AD7D3-0935-4B23-912E-42558AA52482}.Debug|Any CPU.ActiveCfg = Debug|Any CPU
		{174AD7D3-0935-4B23-912E-42558AA52482}.Debug|Any CPU.Build.0 = Debug|Any CPU
		{174AD7D3-0935-4B23-912E-42558AA52482}.Release|Any CPU.ActiveCfg = Release|Any CPU
		{174AD7D3-0935-4B23-912E-42558AA52482}.Release|Any CPU.Build.0 = Release|Any CPU
	EndGlobalSection
	GlobalSection(SolutionProperties) = preSolution
		HideSolutionNode = FALSE
	EndGlobalSection
	GlobalSection(ExtensibilityGlobals) = postSolution
		SolutionGuid = {28FCFC1D-2F04-41C3-89E5-FE2F1BEF1AB3}
	EndGlobalSection
EndGlobal
